// !$*UTF8*$!
{
	archiveVersion = 1;
	classes = {
	};
	objectVersion = 46;
	objects = {

/* Begin PBXBuildFile section */
		8E155AC51BE030910030F68A /* main.m in Sources */ = {isa = PBXBuildFile; fileRef = 8E155AC41BE030910030F68A /* main.m */; };
		8E155AC81BE030910030F68A /* AppDelegate.m in Sources */ = {isa = PBXBuildFile; fileRef = 8E155AC71BE030910030F68A /* AppDelegate.m */; };
		8E155ACB1BE030910030F68A /* FirstViewController.m in Sources */ = {isa = PBXBuildFile; fileRef = 8E155ACA1BE030910030F68A /* FirstViewController.m */; };
		8E155ACE1BE030910030F68A /* SecondViewController.m in Sources */ = {isa = PBXBuildFile; fileRef = 8E155ACD1BE030910030F68A /* SecondViewController.m */; };
		8E155AD11BE030910030F68A /* Main.storyboard in Resources */ = {isa = PBXBuildFile; fileRef = 8E155ACF1BE030910030F68A /* Main.storyboard */; };
		8E155AD31BE030910030F68A /* Images.xcassets in Resources */ = {isa = PBXBuildFile; fileRef = 8E155AD21BE030910030F68A /* Images.xcassets */; };
		8E155AD61BE030910030F68A /* LaunchScreen.xib in Resources */ = {isa = PBXBuildFile; fileRef = 8E155AD41BE030910030F68A /* LaunchScreen.xib */; };
		8E155AE21BE030910030F68A /* Rarci003P5Tests.m in Sources */ = {isa = PBXBuildFile; fileRef = 8E155AE11BE030910030F68A /* Rarci003P5Tests.m */; };
		8E155AED1BE0319D0030F68A /* ThirdViewController.m in Sources */ = {isa = PBXBuildFile; fileRef = 8E155AEC1BE0319D0030F68A /* ThirdViewController.m */; };
		8E155AF01BE038D60030F68A /* MyPinDictionary.m in Sources */ = {isa = PBXBuildFile; fileRef = 8E155AEF1BE038D60030F68A /* MyPinDictionary.m */; };
/* End PBXBuildFile section */

/* Begin PBXContainerItemProxy section */
		8E155ADC1BE030910030F68A /* PBXContainerItemProxy */ = {
			isa = PBXContainerItemProxy;
			containerPortal = 8E155AB71BE030900030F68A /* Project object */;
			proxyType = 1;
			remoteGlobalIDString = 8E155ABE1BE030900030F68A;
			remoteInfo = Rarci003P5;
		};
/* End PBXContainerItemProxy section */

/* Begin PBXFileReference section */
		8E155ABF1BE030900030F68A /* Rarci003P5.app */ = {isa = PBXFileReference; explicitFileType = wrapper.application; includeInIndex = 0; path = Rarci003P5.app; sourceTree = BUILT_PRODUCTS_DIR; };
		8E155AC31BE030910030F68A /* Info.plist */ = {isa = PBXFileReference; lastKnownFileType = text.plist.xml; path = Info.plist; sourceTree = "<group>"; };
		8E155AC41BE030910030F68A /* main.m */ = {isa = PBXFileReference; lastKnownFileType = sourcecode.c.objc; path = main.m; sourceTree = "<group>"; };
		8E155AC61BE030910030F68A /* AppDelegate.h */ = {isa = PBXFileReference; lastKnownFileType = sourcecode.c.h; path = AppDelegate.h; sourceTree = "<group>"; };
		8E155AC71BE030910030F68A /* AppDelegate.m */ = {isa = PBXFileReference; lastKnownFileType = sourcecode.c.objc; path = AppDelegate.m; sourceTree = "<group>"; };
		8E155AC91BE030910030F68A /* FirstViewController.h */ = {isa = PBXFileReference; lastKnownFileType = sourcecode.c.h; path = FirstViewController.h; sourceTree = "<group>"; };
		8E155ACA1BE030910030F68A /* FirstViewController.m */ = {isa = PBXFileReference; lastKnownFileType = sourcecode.c.objc; path = FirstViewController.m; sourceTree = "<group>"; };
		8E155ACC1BE030910030F68A /* SecondViewController.h */ = {isa = PBXFileReference; lastKnownFileType = sourcecode.c.h; path = SecondViewController.h; sourceTree = "<group>"; };
		8E155ACD1BE030910030F68A /* SecondViewController.m */ = {isa = PBXFileReference; lastKnownFileType = sourcecode.c.objc; path = SecondViewController.m; sourceTree = "<group>"; };
		8E155AD01BE030910030F68A /* Base */ = {isa = PBXFileReference; lastKnownFileType = file.storyboard; name = Base; path = Base.lproj/Main.storyboard; sourceTree = "<group>"; };
		8E155AD21BE030910030F68A /* Images.xcassets */ = {isa = PBXFileReference; lastKnownFileType = folder.assetcatalog; path = Images.xcassets; sourceTree = "<group>"; };
		8E155AD51BE030910030F68A /* Base */ = {isa = PBXFileReference; lastKnownFileType = file.xib; name = Base; path = Base.lproj/LaunchScreen.xib; sourceTree = "<group>"; };
		8E155ADB1BE030910030F68A /* Rarci003P5Tests.xctest */ = {isa = PBXFileReference; explicitFileType = wrapper.cfbundle; includeInIndex = 0; path = Rarci003P5Tests.xctest; sourceTree = BUILT_PRODUCTS_DIR; };
		8E155AE01BE030910030F68A /* Info.plist */ = {isa = PBXFileReference; lastKnownFileType = text.plist.xml; path = Info.plist; sourceTree = "<group>"; };
		8E155AE11BE030910030F68A /* Rarci003P5Tests.m */ = {isa = PBXFileReference; lastKnownFileType = sourcecode.c.objc; path = Rarci003P5Tests.m; sourceTree = "<group>"; };
		8E155AEB1BE0319D0030F68A /* ThirdViewController.h */ = {isa = PBXFileReference; fileEncoding = 4; lastKnownFileType = sourcecode.c.h; path = ThirdViewController.h; sourceTree = "<group>"; };
		8E155AEC1BE0319D0030F68A /* ThirdViewController.m */ = {isa = PBXFileReference; fileEncoding = 4; lastKnownFileType = sourcecode.c.objc; path = ThirdViewController.m; sourceTree = "<group>"; };
		8E155AEE1BE038D60030F68A /* MyPinDictionary.h */ = {isa = PBXFileReference; fileEncoding = 4; lastKnownFileType = sourcecode.c.h; path = MyPinDictionary.h; sourceTree = "<group>"; };
		8E155AEF1BE038D60030F68A /* MyPinDictionary.m */ = {isa = PBXFileReference; fileEncoding = 4; lastKnownFileType = sourcecode.c.objc; path = MyPinDictionary.m; sourceTree = "<group>"; };
/* End PBXFileReference section */

/* Begin PBXFrameworksBuildPhase section */
		8E155ABC1BE030900030F68A /* Frameworks */ = {
			isa = PBXFrameworksBuildPhase;
			buildActionMask = 2147483647;
			files = (
			);
			runOnlyForDeploymentPostprocessing = 0;
		};
		8E155AD81BE030910030F68A /* Frameworks */ = {
			isa = PBXFrameworksBuildPhase;
			buildActionMask = 2147483647;
			files = (
			);
			runOnlyForDeploymentPostprocessing = 0;
		};
/* End PBXFrameworksBuildPhase section */

/* Begin PBXGroup section */
		8E155AB61BE030900030F68A = {
			isa = PBXGroup;
			children = (
				8E155AC11BE030900030F68A /* Rarci003P5 */,
				8E155ADE1BE030910030F68A /* Rarci003P5Tests */,
				8E155AC01BE030900030F68A /* Products */,
			);
			sourceTree = "<group>";
		};
		8E155AC01BE030900030F68A /* Products */ = {
			isa = PBXGroup;
			children = (
				8E155ABF1BE030900030F68A /* Rarci003P5.app */,
				8E155ADB1BE030910030F68A /* Rarci003P5Tests.xctest */,
			);
			name = Products;
			sourceTree = "<group>";
		};
		8E155AC11BE030900030F68A /* Rarci003P5 */ = {
			isa = PBXGroup;
			children = (
				8E155AC61BE030910030F68A /* AppDelegate.h */,
				8E155AC71BE030910030F68A /* AppDelegate.m */,
				8E155AC91BE030910030F68A /* FirstViewController.h */,
				8E155AEB1BE0319D0030F68A /* ThirdViewController.h */,
				8E155AEC1BE0319D0030F68A /* ThirdViewController.m */,
				8E155ACA1BE030910030F68A /* FirstViewController.m */,
				8E155ACC1BE030910030F68A /* SecondViewController.h */,
				8E155ACD1BE030910030F68A /* SecondViewController.m */,
				8E155ACF1BE030910030F68A /* Main.storyboard */,
				8E155AD21BE030910030F68A /* Images.xcassets */,
				8E155AD41BE030910030F68A /* LaunchScreen.xib */,
				8E155AC21BE030910030F68A /* Supporting Files */,
				8E155AEE1BE038D60030F68A /* MyPinDictionary.h */,
				8E155AEF1BE038D60030F68A /* MyPinDictionary.m */,
			);
			path = Rarci003P5;
			sourceTree = "<group>";
		};
		8E155AC21BE030910030F68A /* Supporting Files */ = {
			isa = PBXGroup;
			children = (
				8E155AC31BE030910030F68A /* Info.plist */,
				8E155AC41BE030910030F68A /* main.m */,
			);
			name = "Supporting Files";
			sourceTree = "<group>";
		};
		8E155ADE1BE030910030F68A /* Rarci003P5Tests */ = {
			isa = PBXGroup;
			children = (
				8E155AE11BE030910030F68A /* Rarci003P5Tests.m */,
				8E155ADF1BE030910030F68A /* Supporting Files */,
			);
			path = Rarci003P5Tests;
			sourceTree = "<group>";
		};
		8E155ADF1BE030910030F68A /* Supporting Files */ = {
			isa = PBXGroup;
			children = (
				8E155AE01BE030910030F68A /* Info.plist */,
			);
			name = "Supporting Files";
			sourceTree = "<group>";
		};
/* End PBXGroup section */

/* Begin PBXNativeTarget section */
		8E155ABE1BE030900030F68A /* Rarci003P5 */ = {
			isa = PBXNativeTarget;
			buildConfigurationList = 8E155AE51BE030910030F68A /* Build configuration list for PBXNativeTarget "Rarci003P5" */;
			buildPhases = (
				8E155ABB1BE030900030F68A /* Sources */,
				8E155ABC1BE030900030F68A /* Frameworks */,
				8E155ABD1BE030900030F68A /* Resources */,
			);
			buildRules = (
			);
			dependencies = (
			);
			name = Rarci003P5;
			productName = Rarci003P5;
			productReference = 8E155ABF1BE030900030F68A /* Rarci003P5.app */;
			productType = "com.apple.product-type.application";
		};
		8E155ADA1BE030910030F68A /* Rarci003P5Tests */ = {
			isa = PBXNativeTarget;
			buildConfigurationList = 8E155AE81BE030910030F68A /* Build configuration list for PBXNativeTarget "Rarci003P5Tests" */;
			buildPhases = (
				8E155AD71BE030910030F68A /* Sources */,
				8E155AD81BE030910030F68A /* Frameworks */,
				8E155AD91BE030910030F68A /* Resources */,
			);
			buildRules = (
			);
			dependencies = (
				8E155ADD1BE030910030F68A /* PBXTargetDependency */,
			);
			name = Rarci003P5Tests;
			productName = Rarci003P5Tests;
			productReference = 8E155ADB1BE030910030F68A /* Rarci003P5Tests.xctest */;
			productType = "com.apple.product-type.bundle.unit-test";
		};
/* End PBXNativeTarget section */

/* Begin PBXProject section */
		8E155AB71BE030900030F68A /* Project object */ = {
			isa = PBXProject;
			attributes = {
				LastUpgradeCheck = 0630;
				ORGANIZATIONNAME = "roberto arciniegas";
				TargetAttributes = {
					8E155ABE1BE030900030F68A = {
						CreatedOnToolsVersion = 6.3.1;
					};
					8E155ADA1BE030910030F68A = {
						CreatedOnToolsVersion = 6.3.1;
						TestTargetID = 8E155ABE1BE030900030F68A;
					};
				};
			};
			buildConfigurationList = 8E155ABA1BE030900030F68A /* Build configuration list for PBXProject "Rarci003P5" */;
			compatibilityVersion = "Xcode 3.2";
			developmentRegion = English;
			hasScannedForEncodings = 0;
			knownRegions = (
				en,
				Base,
			);
			mainGroup = 8E155AB61BE030900030F68A;
			productRefGroup = 8E155AC01BE030900030F68A /* Products */;
			projectDirPath = "";
			projectRoot = "";
			targets = (
				8E155ABE1BE030900030F68A /* Rarci003P5 */,
				8E155ADA1BE030910030F68A /* Rarci003P5Tests */,
			);
		};
/* End PBXProject section */

/* Begin PBXResourcesBuildPhase section */
		8E155ABD1BE030900030F68A /* Resources */ = {
			isa = PBXResourcesBuildPhase;
			buildActionMask = 2147483647;
			files = (
				8E155AD11BE030910030F68A /* Main.storyboard in Resources */,
				8E155AD61BE030910030F68A /* LaunchScreen.xib in Resources */,
				8E155AD31BE030910030F68A /* Images.xcassets in Resources */,
			);
			runOnlyForDeploymentPostprocessing = 0;
		};
		8E155AD91BE030910030F68A /* Resources */ = {
			isa = PBXResourcesBuildPhase;
			buildActionMask = 2147483647;
			files = (
			);
			runOnlyForDeploymentPostprocessing = 0;
		};
/* End PBXResourcesBuildPhase section */

/* Begin PBXSourcesBuildPhase section */
		8E155ABB1BE030900030F68A /* Sources */ = {
			isa = PBXSourcesBuildPhase;
			buildActionMask = 2147483647;
			files = (
				8E155ACE1BE030910030F68A /* SecondViewController.m in Sources */,
				8E155AED1BE0319D0030F68A /* ThirdViewController.m in Sources */,
				8E155AC81BE030910030F68A /* AppDelegate.m in Sources */,
				8E155AF01BE038D60030F68A /* MyPinDictionary.m in Sources */,
				8E155ACB1BE030910030F68A /* FirstViewController.m in Sources */,
				8E155AC51BE030910030F68A /* main.m in Sources */,
			);
			runOnlyForDeploymentPostprocessing = 0;
		};
		8E155AD71BE030910030F68A /* Sources */ = {
			isa = PBXSourcesBuildPhase;
			buildActionMask = 2147483647;
			files = (
				8E155AE21BE030910030F68A /* Rarci003P5Tests.m in Sources */,
			);
			runOnlyForDeploymentPostprocessing = 0;
		};
/* End PBXSourcesBuildPhase section */

/* Begin PBXTargetDependency section */
		8E155ADD1BE030910030F68A /* PBXTargetDependency */ = {
			isa = PBXTargetDependency;
			target = 8E155ABE1BE030900030F68A /* Rarci003P5 */;
			targetProxy = 8E155ADC1BE030910030F68A /* PBXContainerItemProxy */;
		};
/* End PBXTargetDependency section */

/* Begin PBXVariantGroup section */
		8E155ACF1BE030910030F68A /* Main.storyboard */ = {
			isa = PBXVariantGroup;
			children = (
				8E155AD01BE030910030F68A /* Base */,
			);
			name = Main.storyboard;
			sourceTree = "<group>";
		};
		8E155AD41BE030910030F68A /* LaunchScreen.xib */ = {
			isa = PBXVariantGroup;
			children = (
				8E155AD51BE030910030F68A /* Base */,
			);
			name = LaunchScreen.xib;
			sourceTree = "<group>";
		};
/* End PBXVariantGroup section */

/* Begin XCBuildConfiguration section */
		8E155AE31BE030910030F68A /* Debug */ = {
			isa = XCBuildConfiguration;
			buildSettings = {
				ALWAYS_SEARCH_USER_PATHS = NO;
				CLANG_CXX_LANGUAGE_STANDARD = "gnu++0x";
				CLANG_CXX_LIBRARY = "libc++";
				CLANG_ENABLE_MODULES = YES;
				CLANG_ENABLE_OBJC_ARC = YES;
				CLANG_WARN_BOOL_CONVERSION = YES;
				CLANG_WARN_CONSTANT_CONVERSION = YES;
				CLANG_WARN_DIRECT_OBJC_ISA_USAGE = YES_ERROR;
				CLANG_WARN_EMPTY_BODY = YES;
				CLANG_WARN_ENUM_CONVERSION = YES;
				CLANG_WARN_INT_CONVERSION = YES;
				CLANG_WARN_OBJC_ROOT_CLASS = YES_ERROR;
				CLANG_WARN_UNREACHABLE_CODE = YES;
				CLANG_WARN__DUPLICATE_METHOD_MATCH = YES;
				"CODE_SIGN_IDENTITY[sdk=iphoneos*]" = "iPhone Developer";
				COPY_PHASE_STRIP = NO;
				DEBUG_INFORMATION_FORMAT = "dwarf-with-dsym";
				ENABLE_STRICT_OBJC_MSGSEND = YES;
				GCC_C_LANGUAGE_STANDARD = gnu99;
				GCC_DYNAMIC_NO_PIC = NO;
				GCC_NO_COMMON_BLOCKS = YES;
				GCC_OPTIMIZATION_LEVEL = 0;
				GCC_PREPROCESSOR_DEFINITIONS = (
					"DEBUG=1",
					"$(inherited)",
				);
				GCC_SYMBOLS_PRIVATE_EXTERN = NO;
				GCC_WARN_64_TO_32_BIT_CONVERSION = YES;
				GCC_WARN_ABOUT_RETURN_TYPE = YES_ERROR;
				GCC_WARN_UNDECLARED_SELECTOR = YES;
				GCC_WARN_UNINITIALIZED_AUTOS = YES_AGGRESSIVE;
				GCC_WARN_UNUSED_FUNCTION = YES;
				GCC_WARN_UNUSED_VARIABLE = YES;
				IPHONEOS_DEPLOYMENT_TARGET = 8.3;
				MTL_ENABLE_DEBUG_INFO = YES;
				ONLY_ACTIVE_ARCH = YES;
				SDKROOT = iphoneos;
			};
			name = Debug;
		};
		8E155AE41BE030910030F68A /* Release */ = {
			isa = XCBuildConfiguration;
			buildSettings = {
				ALWAYS_SEARCH_USER_PATHS = NO;
				CLANG_CXX_LANGUAGE_STANDARD = "gnu++0x";
				CLANG_CXX_LIBRARY = "libc++";
				CLANG_ENABLE_MODULES = YES;
				CLANG_ENABLE_OBJC_ARC = YES;
				CLANG_WARN_BOOL_CONVERSION = YES;
				CLANG_WARN_CONSTANT_CONVERSION = YES;
				CLANG_WARN_DIRECT_OBJC_ISA_USAGE = YES_ERROR;
				CLANG_WARN_EMPTY_BODY = YES;
				CLANG_WARN_ENUM_CONVERSION = YES;
				CLANG_WARN_INT_CONVERSION = YES;
				CLANG_WARN_OBJC_ROOT_CLASS = YES_ERROR;
				CLANG_WARN_UNREACHABLE_CODE = YES;
				CLANG_WARN__DUPLICATE_METHOD_MATCH = YES;
				"CODE_SIGN_IDENTITY[sdk=iphoneos*]" = "iPhone Developer";
				COPY_PHASE_STRIP = NO;
				DEBUG_INFORMATION_FORMAT = "dwarf-with-dsym";
				ENABLE_NS_ASSERTIONS = NO;
				ENABLE_STRICT_OBJC_MSGSEND = YES;
				GCC_C_LANGUAGE_STANDARD = gnu99;
				GCC_NO_COMMON_BLOCKS = YES;
				GCC_WARN_64_TO_32_BIT_CONVERSION = YES;
				GCC_WARN_ABOUT_RETURN_TYPE = YES_ERROR;
				GCC_WARN_UNDECLARED_SELECTOR = YES;
				GCC_WARN_UNINITIALIZED_AUTOS = YES_AGGRESSIVE;
				GCC_WARN_UNUSED_FUNCTION = YES;
				GCC_WARN_UNUSED_VARIABLE = YES;
				IPHONEOS_DEPLOYMENT_TARGET = 8.3;
				MTL_ENABLE_DEBUG_INFO = NO;
				SDKROOT = iphoneos;
				VALIDATE_PRODUCT = YES;
			};
			name = Release;
		};
		8E155AE61BE030910030F68A /* Debug */ = {
			isa = XCBuildConfiguration;
			buildSettings = {
				ASSETCATALOG_COMPILER_APPICON_NAME = AppIcon;
				INFOPLIST_FILE = Rarci003P5/Info.plist;
				LD_RUNPATH_SEARCH_PATHS = "$(inherited) @executable_path/Frameworks";
				PRODUCT_NAME = "$(TARGET_NAME)";
			};
			name = Debug;
		};
		8E155AE71BE030910030F68A /* Release */ = {
			isa = XCBuildConfiguration;
			buildSettings = {
				ASSETCATALOG_COMPILER_APPICON_NAME = AppIcon;
				INFOPLIST_FILE = Rarci003P5/Info.plist;
				LD_RUNPATH_SEARCH_PATHS = "$(inherited) @executable_path/Frameworks";
				PRODUCT_NAME = "$(TARGET_NAME)";
			};
			name = Release;
		};
		8E155AE91BE030910030F68A /* Debug */ = {
			isa = XCBuildConfiguration;
			buildSettings = {
				BUNDLE_LOADER = "$(TEST_HOST)";
				FRAMEWORK_SEARCH_PATHS = (
					"$(SDKROOT)/Developer/Library/Frameworks",
					"$(inherited)",
				);
				GCC_PREPROCESSOR_DEFINITIONS = (
					"DEBUG=1",
					"$(inherited)",
				);
				INFOPLIST_FILE = Rarci003P5Tests/Info.plist;
				LD_RUNPATH_SEARCH_PATHS = "$(inherited) @executable_path/Frameworks @loader_path/Frameworks";
				PRODUCT_NAME = "$(TARGET_NAME)";
				TEST_HOST = "$(BUILT_PRODUCTS_DIR)/Rarci003P5.app/Rarci003P5";
			};
			name = Debug;
		};
		8E155AEA1BE030910030F68A /* Release */ = {
			isa = XCBuildConfiguration;
			buildSettings = {
				BUNDLE_LOADER = "$(TEST_HOST)";
				FRAMEWORK_SEARCH_PATHS = (
					"$(SDKROOT)/Developer/Library/Frameworks",
					"$(inherited)",
				);
				INFOPLIST_FILE = Rarci003P5Tests/Info.plist;
				LD_RUNPATH_SEARCH_PATHS = "$(inherited) @executable_path/Frameworks @loader_path/Frameworks";
				PRODUCT_NAME = "$(TARGET_NAME)";
				TEST_HOST = "$(BUILT_PRODUCTS_DIR)/Rarci003P5.app/Rarci003P5";
			};
			name = Release;
		};
/* End XCBuildConfiguration section */

/* Begin XCConfigurationList section */
		8E155ABA1BE030900030F68A /* Build configuration list for PBXProject "Rarci003P5" */ = {
			isa = XCConfigurationList;
			buildConfigurations = (
				8E155AE31BE030910030F68A /* Debug */,
				8E155AE41BE030910030F68A /* Release */,
			);
			defaultConfigurationIsVisible = 0;
			defaultConfigurationName = Release;
		};
		8E155AE51BE030910030F68A /* Build configuration list for PBXNativeTarget "Rarci003P5" */ = {
			isa = XCConfigurationList;
			buildConfigurations = (
				8E155AE61BE030910030F68A /* Debug */,
				8E155AE71BE030910030F68A /* Release */,
			);
			defaultConfigurationIsVisible = 0;
			defaultConfigurationName = Release;
		};
		8E155AE81BE030910030F68A /* Build configuration list for PBXNativeTarget "Rarci003P5Tests" */ = {
			isa = XCConfigurationList;
			buildConfigurations = (
				8E155AE91BE030910030F68A /* Debug */,
				8E155AEA1BE030910030F68A /* Release */,
			);
			defaultConfigurationIsVisible = 0;
			defaultConfigurationName = Release;
		};
/* End XCConfigurationList section */
	};
	rootObject = 8E155AB71BE030900030F68A /* Project object */;
}
